
Microsoft Visual Studio Solution File, Format Version 12.00
# Visual Studio Version 17
VisualStudioVersion = 17.8.34330.188
MinimumVisualStudioVersion = 10.0.40219.1
Project("{9A19103F-16F7-4668-BE54-9A1E7A4F7556}") = "Infrastructure", "Infrastructure\Infrastructure.csproj", "{DC0DF2AE-70A8-4817-A3C3-3CD0A2EDA1DE}"
EndProject
Project("{FAE04EC0-301F-11D3-BF4B-00C04F79EFBC}") = "Presentation.ConsoleApp", "Presentation.ConsoleApp\Presentation.ConsoleApp.csproj", "{F12D4AFD-4279-4DAA-8524-896AD3AF37DE}"
EndProject
Global
	GlobalSection(SolutionConfigurationPlatforms) = preSolution
		Debug|Any CPU = Debug|Any CPU
		Release|Any CPU = Release|Any CPU
	EndGlobalSection
	GlobalSection(ProjectConfigurationPlatforms) = postSolution
		{DC0DF2AE-70A8-4817-A3C3-3CD0A2EDA1DE}.Debug|Any CPU.ActiveCfg = Debug|Any CPU
		{DC0DF2AE-70A8-4817-A3C3-3CD0A2EDA1DE}.Debug|Any CPU.Build.0 = Debug|Any CPU
		{DC0DF2AE-70A8-4817-A3C3-3CD0A2EDA1DE}.Release|Any CPU.ActiveCfg = Release|Any CPU
		{DC0DF2AE-70A8-4817-A3C3-3CD0A2EDA1DE}.Release|Any CPU.Build.0 = Release|Any CPU
		{F12D4AFD-4279-4DAA-8524-896AD3AF37DE}.Debug|Any CPU.ActiveCfg = Debug|Any CPU
		{F12D4AFD-4279-4DAA-8524-896AD3AF37DE}.Debug|Any CPU.Build.0 = Debug|Any CPU
		{F12D4AFD-4279-4DAA-8524-896AD3AF37DE}.Release|Any CPU.ActiveCfg = Release|Any CPU
		{F12D4AFD-4279-4DAA-8524-896AD3AF37DE}.Release|Any CPU.Build.0 = Release|Any CPU
	EndGlobalSection
	GlobalSection(SolutionProperties) = preSolution
		HideSolutionNode = FALSE
	EndGlobalSection
	GlobalSection(ExtensibilityGlobals) = postSolution
		SolutionGuid = {43D2D11E-B893-40FC-A819-6CEBA0048D7D}
	EndGlobalSection
EndGlobal
